
Microsoft Visual Studio Solution File, Format Version 12.00
# Visual Studio Version 16
VisualStudioVersion = 16.0.30330.147
MinimumVisualStudioVersion = 10.0.40219.1
Project("{FAE04EC0-301F-11D3-BF4B-00C04F79EFBC}") = "ConsoleApp2", "ConsoleApp2.csproj", "{2D27D198-8B46-46A1-B169-BD2BF3F4BDCD}"
EndProject
Global
	GlobalSection(SolutionConfigurationPlatforms) = preSolution
		Debug|Any CPU = Debug|Any CPU
		Release|Any CPU = Release|Any CPU
	EndGlobalSection
	GlobalSection(ProjectConfigurationPlatforms) = postSolution
		{2D27D198-8B46-46A1-B169-BD2BF3F4BDCD}.Debug|Any CPU.ActiveCfg = Debug|Any CPU
		{2D27D198-8B46-46A1-B169-BD2BF3F4BDCD}.Debug|Any CPU.Build.0 = Debug|Any CPU
		{2D27D198-8B46-46A1-B169-BD2BF3F4BDCD}.Release|Any CPU.ActiveCfg = Release|Any CPU
		{2D27D198-8B46-46A1-B169-BD2BF3F4BDCD}.Release|Any CPU.Build.0 = Release|Any CPU
	EndGlobalSection
	GlobalSection(SolutionProperties) = preSolution
		HideSolutionNode = FALSE
	EndGlobalSection
	GlobalSection(ExtensibilityGlobals) = postSolution
		SolutionGuid = {94EE20D8-F087-48BB-84BA-7504B46CA9C1}
	EndGlobalSection
EndGlobal
