
Microsoft Visual Studio Solution File, Format Version 12.00
# Visual Studio Version 16
VisualStudioVersion = 16.0.30330.147
MinimumVisualStudioVersion = 10.0.40219.1
Project("{FAE04EC0-301F-11D3-BF4B-00C04F79EFBC}") = "SalarioDobro", "SalarioDobro.csproj", "{3DAAE708-C97D-4EC5-854D-59B88B3C8494}"
EndProject
Global
	GlobalSection(SolutionConfigurationPlatforms) = preSolution
		Debug|Any CPU = Debug|Any CPU
		Release|Any CPU = Release|Any CPU
	EndGlobalSection
	GlobalSection(ProjectConfigurationPlatforms) = postSolution
		{3DAAE708-C97D-4EC5-854D-59B88B3C8494}.Debug|Any CPU.ActiveCfg = Debug|Any CPU
		{3DAAE708-C97D-4EC5-854D-59B88B3C8494}.Debug|Any CPU.Build.0 = Debug|Any CPU
		{3DAAE708-C97D-4EC5-854D-59B88B3C8494}.Release|Any CPU.ActiveCfg = Release|Any CPU
		{3DAAE708-C97D-4EC5-854D-59B88B3C8494}.Release|Any CPU.Build.0 = Release|Any CPU
	EndGlobalSection
	GlobalSection(SolutionProperties) = preSolution
		HideSolutionNode = FALSE
	EndGlobalSection
	GlobalSection(ExtensibilityGlobals) = postSolution
		SolutionGuid = {A5E30E32-86AD-41F7-9574-1EB347E5A0BA}
	EndGlobalSection
EndGlobal
